
Microsoft Visual Studio Solution File, Format Version 12.00
# Visual Studio Version 17
VisualStudioVersion = 17.0.31903.59
MinimumVisualStudioVersion = 10.0.40219.1
Project("{2150E333-8FDC-42A3-9474-1A3956D46DE8}") = "examples", "examples", "{38C599CE-FE35-487C-A7B8-03ABC8B2DB9A}"
EndProject
Project("{2150E333-8FDC-42A3-9474-1A3956D46DE8}") = "Common.Components", "Common.Components", "{52E98B1F-1F9A-4653-90BE-46E7FD798712}"
EndProject
Project("{2150E333-8FDC-42A3-9474-1A3956D46DE8}") = "src", "src", "{9AD057B7-3967-4748-AAB4-E7ABE5C0B81B}"
EndProject
Project("{FAE04EC0-301F-11D3-BF4B-00C04F79EFBC}") = "Common.Components.DataProtection", "examples\Common.Components\src\Common.Components.DataProtection\Common.Components.DataProtection.csproj", "{F3BDF44B-E289-4721-8052-ED4DB330E013}"
EndProject
Project("{FAE04EC0-301F-11D3-BF4B-00C04F79EFBC}") = "Common.Components.Security", "examples\Common.Components\src\Common.Components.Security\Common.Components.Security.csproj", "{1A2ECD40-E062-4494-B910-ED73B9BEFE16}"
EndProject
Project("{2150E333-8FDC-42A3-9474-1A3956D46DE8}") = "MonoRepo", "MonoRepo", "{868FAC79-55D1-499A-A03A-49D12C13AC3F}"
EndProject
Project("{2150E333-8FDC-42A3-9474-1A3956D46DE8}") = "src", "src", "{9F10E669-96E4-402E-8BC9-A51866098208}"
EndProject
Project("{2150E333-8FDC-42A3-9474-1A3956D46DE8}") = "Service1", "Service1", "{6BD9F64C-816E-4C8D-BB49-44A8E0AE1CE0}"
EndProject
Project("{2150E333-8FDC-42A3-9474-1A3956D46DE8}") = "src", "src", "{40BF09E1-3BA7-4EEA-B605-0C4B743A0214}"
EndProject
Project("{FAE04EC0-301F-11D3-BF4B-00C04F79EFBC}") = "MonoRepo.Service1.Abstraction", "examples\MonoRepo\src\Service1\src\MonoRepo.Service1.Abstraction\MonoRepo.Service1.Abstraction.csproj", "{7EC2CC7F-2368-4E76-99AE-1B8E9D0CF958}"
EndProject
Project("{FAE04EC0-301F-11D3-BF4B-00C04F79EFBC}") = "MonoRepo.Service1.Host", "examples\MonoRepo\src\Service1\src\MonoRepo.Service1.Host\MonoRepo.Service1.Host.csproj", "{2B3C05FE-9450-4E26-B684-84CB4C3F8477}"
EndProject
Project("{2150E333-8FDC-42A3-9474-1A3956D46DE8}") = "Service2", "Service2", "{8EBEEC28-DFAA-4241-91C0-112E6C08C155}"
EndProject
Project("{2150E333-8FDC-42A3-9474-1A3956D46DE8}") = "src", "src", "{5272442E-F381-4A93-A698-282B12D95282}"
EndProject
Project("{FAE04EC0-301F-11D3-BF4B-00C04F79EFBC}") = "MonoRepo.Service2.Abstraction", "examples\MonoRepo\src\Service2\src\MonoRepo.Service2.Abstraction\MonoRepo.Service2.Abstraction.csproj", "{E90FECBE-5B8D-4C95-B55C-887A8565C09E}"
EndProject
Project("{FAE04EC0-301F-11D3-BF4B-00C04F79EFBC}") = "MonoRepo.Service2.DataAccess", "examples\MonoRepo\src\Service2\src\MonoRepo.Service2.DataAccess\MonoRepo.Service2.DataAccess.csproj", "{2A0458C6-D248-44A0-AC55-4E911949E333}"
EndProject
Project("{FAE04EC0-301F-11D3-BF4B-00C04F79EFBC}") = "MonoRepo.Service2.Hosting", "examples\MonoRepo\src\Service2\src\MonoRepo.Service2.Hosting\MonoRepo.Service2.Hosting.csproj", "{FE172588-DE36-43D4-A7C0-FF20F69CFFA7}"
EndProject
Project("{2150E333-8FDC-42A3-9474-1A3956D46DE8}") = "Shared", "Shared", "{EF07F58E-E300-49AE-B58A-504EA3E5EB6F}"
EndProject
Project("{2150E333-8FDC-42A3-9474-1A3956D46DE8}") = "src", "src", "{A1A0E658-C07F-49B4-9E74-C7EFA33DF6C5}"
EndProject
Project("{FAE04EC0-301F-11D3-BF4B-00C04F79EFBC}") = "MonoRepo.Shared.AzureExtensions", "examples\MonoRepo\src\Shared\src\MonoRepo.Shared.AzureExtensions\MonoRepo.Shared.AzureExtensions.csproj", "{EDD1335A-D093-479A-984C-F3C2591FEA8A}"
EndProject
Project("{FAE04EC0-301F-11D3-BF4B-00C04F79EFBC}") = "MonoRepo.Shared.Hosting", "examples\MonoRepo\src\Shared\src\MonoRepo.Shared.Hosting\MonoRepo.Shared.Hosting.csproj", "{FA760439-6F64-4D3A-A7ED-C1D4C1972C17}"
EndProject
Project("{2150E333-8FDC-42A3-9474-1A3956D46DE8}") = "SomeService.Repo", "SomeService.Repo", "{622E5D6E-A91E-4698-B828-B3B7D3C698BE}"
EndProject
Project("{2150E333-8FDC-42A3-9474-1A3956D46DE8}") = "src", "src", "{3DD1D4C4-6FE9-4BE6-9C2F-887002EF1F60}"
EndProject
Project("{FAE04EC0-301F-11D3-BF4B-00C04F79EFBC}") = "SomeService.Abstractions", "examples\SomeService.Repo\src\SomeService.Abstractions\SomeService.Abstractions.csproj", "{37CEC3AC-2EE1-45DB-A343-066029202F5C}"
EndProject
Project("{FAE04EC0-301F-11D3-BF4B-00C04F79EFBC}") = "SomeService.Host", "examples\SomeService.Repo\src\SomeService.Host\SomeService.Host.csproj", "{45B05DB5-72A1-4217-B467-B70AF9B8204A}"
EndProject
Project("{2150E333-8FDC-42A3-9474-1A3956D46DE8}") = "src", "src", "{260F859B-A0DE-40F6-8C7A-A9AB06208BF0}"
EndProject
Project("{2150E333-8FDC-42A3-9474-1A3956D46DE8}") = "Confix.Tool", "Confix.Tool", "{5CFBA8BA-ADAD-4D90-8B80-771E995D15FE}"
EndProject
Project("{2150E333-8FDC-42A3-9474-1A3956D46DE8}") = "src", "src", "{4D45BC4C-E2C4-433C-8FAC-DD791F7BE6D9}"
EndProject
Project("{FAE04EC0-301F-11D3-BF4B-00C04F79EFBC}") = "Confix.Library", "src\Confix.Tool\src\Confix.Library\Confix.Library.csproj", "{82571476-D3B2-41AC-8464-03DCBE1C37EB}"
EndProject
Project("{FAE04EC0-301F-11D3-BF4B-00C04F79EFBC}") = "Confix.Nuke", "src\Confix.Tool\src\Confix.Nuke\Confix.Nuke.csproj", "{595D0610-73AD-4473-81B0-9C47E272EEA4}"
EndProject
Project("{FAE04EC0-301F-11D3-BF4B-00C04F79EFBC}") = "Confix.Tool", "src\Confix.Tool\src\Confix.Tool\Confix.Tool.csproj", "{8D202C18-7E5F-435D-BD31-8226088FBAA1}"
EndProject
Project("{2150E333-8FDC-42A3-9474-1A3956D46DE8}") = "test", "test", "{73A8A107-A7CA-4748-8062-32EF855E7BA7}"
EndProject
Project("{FAE04EC0-301F-11D3-BF4B-00C04F79EFBC}") = "Confix.Tool.Tests", "src\Confix.Tool\test\Confix.Tool.Tests\Confix.Tool.Tests.csproj", "{BC042D47-49FE-4993-A43E-337A75EB20BC}"
EndProject
Project("{FAE04EC0-301F-11D3-BF4B-00C04F79EFBC}") = "_build", ".build\_build.csproj", "{0CF3965A-74BA-47A6-B5A5-950723989A5D}"
EndProject
Global
	GlobalSection(SolutionConfigurationPlatforms) = preSolution
		Debug|Any CPU = Debug|Any CPU
		Release|Any CPU = Release|Any CPU
	EndGlobalSection
	GlobalSection(SolutionProperties) = preSolution
		HideSolutionNode = FALSE
	EndGlobalSection
	GlobalSection(ProjectConfigurationPlatforms) = postSolution
		{F3BDF44B-E289-4721-8052-ED4DB330E013}.Debug|Any CPU.ActiveCfg = Debug|Any CPU
		{F3BDF44B-E289-4721-8052-ED4DB330E013}.Debug|Any CPU.Build.0 = Debug|Any CPU
		{F3BDF44B-E289-4721-8052-ED4DB330E013}.Release|Any CPU.ActiveCfg = Release|Any CPU
		{F3BDF44B-E289-4721-8052-ED4DB330E013}.Release|Any CPU.Build.0 = Release|Any CPU
		{1A2ECD40-E062-4494-B910-ED73B9BEFE16}.Debug|Any CPU.ActiveCfg = Debug|Any CPU
		{1A2ECD40-E062-4494-B910-ED73B9BEFE16}.Debug|Any CPU.Build.0 = Debug|Any CPU
		{1A2ECD40-E062-4494-B910-ED73B9BEFE16}.Release|Any CPU.ActiveCfg = Release|Any CPU
		{1A2ECD40-E062-4494-B910-ED73B9BEFE16}.Release|Any CPU.Build.0 = Release|Any CPU
		{7EC2CC7F-2368-4E76-99AE-1B8E9D0CF958}.Debug|Any CPU.ActiveCfg = Debug|Any CPU
		{7EC2CC7F-2368-4E76-99AE-1B8E9D0CF958}.Debug|Any CPU.Build.0 = Debug|Any CPU
		{7EC2CC7F-2368-4E76-99AE-1B8E9D0CF958}.Release|Any CPU.ActiveCfg = Release|Any CPU
		{7EC2CC7F-2368-4E76-99AE-1B8E9D0CF958}.Release|Any CPU.Build.0 = Release|Any CPU
		{2B3C05FE-9450-4E26-B684-84CB4C3F8477}.Debug|Any CPU.ActiveCfg = Debug|Any CPU
		{2B3C05FE-9450-4E26-B684-84CB4C3F8477}.Debug|Any CPU.Build.0 = Debug|Any CPU
		{2B3C05FE-9450-4E26-B684-84CB4C3F8477}.Release|Any CPU.ActiveCfg = Release|Any CPU
		{2B3C05FE-9450-4E26-B684-84CB4C3F8477}.Release|Any CPU.Build.0 = Release|Any CPU
		{E90FECBE-5B8D-4C95-B55C-887A8565C09E}.Debug|Any CPU.ActiveCfg = Debug|Any CPU
		{E90FECBE-5B8D-4C95-B55C-887A8565C09E}.Debug|Any CPU.Build.0 = Debug|Any CPU
		{E90FECBE-5B8D-4C95-B55C-887A8565C09E}.Release|Any CPU.ActiveCfg = Release|Any CPU
		{E90FECBE-5B8D-4C95-B55C-887A8565C09E}.Release|Any CPU.Build.0 = Release|Any CPU
		{2A0458C6-D248-44A0-AC55-4E911949E333}.Debug|Any CPU.ActiveCfg = Debug|Any CPU
		{2A0458C6-D248-44A0-AC55-4E911949E333}.Debug|Any CPU.Build.0 = Debug|Any CPU
		{2A0458C6-D248-44A0-AC55-4E911949E333}.Release|Any CPU.ActiveCfg = Release|Any CPU
		{2A0458C6-D248-44A0-AC55-4E911949E333}.Release|Any CPU.Build.0 = Release|Any CPU
		{FE172588-DE36-43D4-A7C0-FF20F69CFFA7}.Debug|Any CPU.ActiveCfg = Debug|Any CPU
		{FE172588-DE36-43D4-A7C0-FF20F69CFFA7}.Debug|Any CPU.Build.0 = Debug|Any CPU
		{FE172588-DE36-43D4-A7C0-FF20F69CFFA7}.Release|Any CPU.ActiveCfg = Release|Any CPU
		{FE172588-DE36-43D4-A7C0-FF20F69CFFA7}.Release|Any CPU.Build.0 = Release|Any CPU
		{EDD1335A-D093-479A-984C-F3C2591FEA8A}.Debug|Any CPU.ActiveCfg = Debug|Any CPU
		{EDD1335A-D093-479A-984C-F3C2591FEA8A}.Debug|Any CPU.Build.0 = Debug|Any CPU
		{EDD1335A-D093-479A-984C-F3C2591FEA8A}.Release|Any CPU.ActiveCfg = Release|Any CPU
		{EDD1335A-D093-479A-984C-F3C2591FEA8A}.Release|Any CPU.Build.0 = Release|Any CPU
		{FA760439-6F64-4D3A-A7ED-C1D4C1972C17}.Debug|Any CPU.ActiveCfg = Debug|Any CPU
		{FA760439-6F64-4D3A-A7ED-C1D4C1972C17}.Debug|Any CPU.Build.0 = Debug|Any CPU
		{FA760439-6F64-4D3A-A7ED-C1D4C1972C17}.Release|Any CPU.ActiveCfg = Release|Any CPU
		{FA760439-6F64-4D3A-A7ED-C1D4C1972C17}.Release|Any CPU.Build.0 = Release|Any CPU
		{37CEC3AC-2EE1-45DB-A343-066029202F5C}.Debug|Any CPU.ActiveCfg = Debug|Any CPU
		{37CEC3AC-2EE1-45DB-A343-066029202F5C}.Debug|Any CPU.Build.0 = Debug|Any CPU
		{37CEC3AC-2EE1-45DB-A343-066029202F5C}.Release|Any CPU.ActiveCfg = Release|Any CPU
		{37CEC3AC-2EE1-45DB-A343-066029202F5C}.Release|Any CPU.Build.0 = Release|Any CPU
		{45B05DB5-72A1-4217-B467-B70AF9B8204A}.Debug|Any CPU.ActiveCfg = Debug|Any CPU
		{45B05DB5-72A1-4217-B467-B70AF9B8204A}.Debug|Any CPU.Build.0 = Debug|Any CPU
		{45B05DB5-72A1-4217-B467-B70AF9B8204A}.Release|Any CPU.ActiveCfg = Release|Any CPU
		{45B05DB5-72A1-4217-B467-B70AF9B8204A}.Release|Any CPU.Build.0 = Release|Any CPU
		{82571476-D3B2-41AC-8464-03DCBE1C37EB}.Debug|Any CPU.ActiveCfg = Debug|Any CPU
		{82571476-D3B2-41AC-8464-03DCBE1C37EB}.Debug|Any CPU.Build.0 = Debug|Any CPU
		{82571476-D3B2-41AC-8464-03DCBE1C37EB}.Release|Any CPU.ActiveCfg = Release|Any CPU
		{82571476-D3B2-41AC-8464-03DCBE1C37EB}.Release|Any CPU.Build.0 = Release|Any CPU
		{595D0610-73AD-4473-81B0-9C47E272EEA4}.Debug|Any CPU.ActiveCfg = Debug|Any CPU
		{595D0610-73AD-4473-81B0-9C47E272EEA4}.Debug|Any CPU.Build.0 = Debug|Any CPU
		{595D0610-73AD-4473-81B0-9C47E272EEA4}.Release|Any CPU.ActiveCfg = Release|Any CPU
		{595D0610-73AD-4473-81B0-9C47E272EEA4}.Release|Any CPU.Build.0 = Release|Any CPU
		{8D202C18-7E5F-435D-BD31-8226088FBAA1}.Debug|Any CPU.ActiveCfg = Debug|Any CPU
		{8D202C18-7E5F-435D-BD31-8226088FBAA1}.Debug|Any CPU.Build.0 = Debug|Any CPU
		{8D202C18-7E5F-435D-BD31-8226088FBAA1}.Release|Any CPU.ActiveCfg = Release|Any CPU
		{8D202C18-7E5F-435D-BD31-8226088FBAA1}.Release|Any CPU.Build.0 = Release|Any CPU
		{BC042D47-49FE-4993-A43E-337A75EB20BC}.Debug|Any CPU.ActiveCfg = Debug|Any CPU
		{BC042D47-49FE-4993-A43E-337A75EB20BC}.Debug|Any CPU.Build.0 = Debug|Any CPU
		{BC042D47-49FE-4993-A43E-337A75EB20BC}.Release|Any CPU.ActiveCfg = Release|Any CPU
		{BC042D47-49FE-4993-A43E-337A75EB20BC}.Release|Any CPU.Build.0 = Release|Any CPU
		{0CF3965A-74BA-47A6-B5A5-950723989A5D}.Debug|Any CPU.ActiveCfg = Debug|Any CPU
		{0CF3965A-74BA-47A6-B5A5-950723989A5D}.Debug|Any CPU.Build.0 = Debug|Any CPU
		{0CF3965A-74BA-47A6-B5A5-950723989A5D}.Release|Any CPU.ActiveCfg = Release|Any CPU
		{0CF3965A-74BA-47A6-B5A5-950723989A5D}.Release|Any CPU.Build.0 = Release|Any CPU
	EndGlobalSection
	GlobalSection(NestedProjects) = preSolution
		{52E98B1F-1F9A-4653-90BE-46E7FD798712} = {38C599CE-FE35-487C-A7B8-03ABC8B2DB9A}
		{9AD057B7-3967-4748-AAB4-E7ABE5C0B81B} = {52E98B1F-1F9A-4653-90BE-46E7FD798712}
		{F3BDF44B-E289-4721-8052-ED4DB330E013} = {9AD057B7-3967-4748-AAB4-E7ABE5C0B81B}
		{1A2ECD40-E062-4494-B910-ED73B9BEFE16} = {9AD057B7-3967-4748-AAB4-E7ABE5C0B81B}
		{868FAC79-55D1-499A-A03A-49D12C13AC3F} = {38C599CE-FE35-487C-A7B8-03ABC8B2DB9A}
		{9F10E669-96E4-402E-8BC9-A51866098208} = {868FAC79-55D1-499A-A03A-49D12C13AC3F}
		{6BD9F64C-816E-4C8D-BB49-44A8E0AE1CE0} = {9F10E669-96E4-402E-8BC9-A51866098208}
		{40BF09E1-3BA7-4EEA-B605-0C4B743A0214} = {6BD9F64C-816E-4C8D-BB49-44A8E0AE1CE0}
		{7EC2CC7F-2368-4E76-99AE-1B8E9D0CF958} = {40BF09E1-3BA7-4EEA-B605-0C4B743A0214}
		{2B3C05FE-9450-4E26-B684-84CB4C3F8477} = {40BF09E1-3BA7-4EEA-B605-0C4B743A0214}
		{8EBEEC28-DFAA-4241-91C0-112E6C08C155} = {9F10E669-96E4-402E-8BC9-A51866098208}
		{5272442E-F381-4A93-A698-282B12D95282} = {8EBEEC28-DFAA-4241-91C0-112E6C08C155}
		{E90FECBE-5B8D-4C95-B55C-887A8565C09E} = {5272442E-F381-4A93-A698-282B12D95282}
		{2A0458C6-D248-44A0-AC55-4E911949E333} = {5272442E-F381-4A93-A698-282B12D95282}
		{FE172588-DE36-43D4-A7C0-FF20F69CFFA7} = {5272442E-F381-4A93-A698-282B12D95282}
		{EF07F58E-E300-49AE-B58A-504EA3E5EB6F} = {9F10E669-96E4-402E-8BC9-A51866098208}
		{A1A0E658-C07F-49B4-9E74-C7EFA33DF6C5} = {EF07F58E-E300-49AE-B58A-504EA3E5EB6F}
		{EDD1335A-D093-479A-984C-F3C2591FEA8A} = {A1A0E658-C07F-49B4-9E74-C7EFA33DF6C5}
		{FA760439-6F64-4D3A-A7ED-C1D4C1972C17} = {A1A0E658-C07F-49B4-9E74-C7EFA33DF6C5}
		{622E5D6E-A91E-4698-B828-B3B7D3C698BE} = {38C599CE-FE35-487C-A7B8-03ABC8B2DB9A}
		{3DD1D4C4-6FE9-4BE6-9C2F-887002EF1F60} = {622E5D6E-A91E-4698-B828-B3B7D3C698BE}
		{37CEC3AC-2EE1-45DB-A343-066029202F5C} = {3DD1D4C4-6FE9-4BE6-9C2F-887002EF1F60}
		{45B05DB5-72A1-4217-B467-B70AF9B8204A} = {3DD1D4C4-6FE9-4BE6-9C2F-887002EF1F60}
		{5CFBA8BA-ADAD-4D90-8B80-771E995D15FE} = {260F859B-A0DE-40F6-8C7A-A9AB06208BF0}
		{4D45BC4C-E2C4-433C-8FAC-DD791F7BE6D9} = {5CFBA8BA-ADAD-4D90-8B80-771E995D15FE}
		{82571476-D3B2-41AC-8464-03DCBE1C37EB} = {4D45BC4C-E2C4-433C-8FAC-DD791F7BE6D9}
		{595D0610-73AD-4473-81B0-9C47E272EEA4} = {4D45BC4C-E2C4-433C-8FAC-DD791F7BE6D9}
		{8D202C18-7E5F-435D-BD31-8226088FBAA1} = {4D45BC4C-E2C4-433C-8FAC-DD791F7BE6D9}
		{73A8A107-A7CA-4748-8062-32EF855E7BA7} = {5CFBA8BA-ADAD-4D90-8B80-771E995D15FE}
		{BC042D47-49FE-4993-A43E-337A75EB20BC} = {73A8A107-A7CA-4748-8062-32EF855E7BA7}
	EndGlobalSection
EndGlobal
