
Microsoft Visual Studio Solution File, Format Version 12.00
# Visual Studio Version 17
VisualStudioVersion = 17.5.001.0
MinimumVisualStudioVersion = 10.0.40219.1
Project("{9A19103F-16F7-4668-BE54-9A1E7A4F7556}") = "Common.Components.Security", "Common.Components.Security.csproj", "{97BD15C9-FED1-4963-85E0-75717F74E9DB}"
EndProject
Global
	GlobalSection(SolutionConfigurationPlatforms) = preSolution
		Debug|Any CPU = Debug|Any CPU
		Release|Any CPU = Release|Any CPU
	EndGlobalSection
	GlobalSection(ProjectConfigurationPlatforms) = postSolution
		{97BD15C9-FED1-4963-85E0-75717F74E9DB}.Debug|Any CPU.ActiveCfg = Debug|Any CPU
		{97BD15C9-FED1-4963-85E0-75717F74E9DB}.Debug|Any CPU.Build.0 = Debug|Any CPU
		{97BD15C9-FED1-4963-85E0-75717F74E9DB}.Release|Any CPU.ActiveCfg = Release|Any CPU
		{97BD15C9-FED1-4963-85E0-75717F74E9DB}.Release|Any CPU.Build.0 = Release|Any CPU
	EndGlobalSection
	GlobalSection(SolutionProperties) = preSolution
		HideSolutionNode = FALSE
	EndGlobalSection
	GlobalSection(ExtensibilityGlobals) = postSolution
		SolutionGuid = {1BA930DD-AB67-4185-B90F-D885F4690379}
	EndGlobalSection
EndGlobal
