
Microsoft Visual Studio Solution File, Format Version 12.00
# Visual Studio Version 17
VisualStudioVersion = 17.0.31903.59
MinimumVisualStudioVersion = 10.0.40219.1
Project("{2150E333-8FDC-42A3-9474-1A3956D46DE8}") = "src", "src", "{D44AAC73-6B31-4FD9-8823-422D2E710363}"
EndProject
Project("{FAE04EC0-301F-11D3-BF4B-00C04F79EFBC}") = "MonoRepo.Shared.AzureExtensions", "src\MonoRepo.Shared.AzureExtensions\MonoRepo.Shared.AzureExtensions.csproj", "{BE602F65-0D3B-4181-9846-2B32521A1E41}"
EndProject
Project("{FAE04EC0-301F-11D3-BF4B-00C04F79EFBC}") = "MonoRepo.Shared.Hosting", "src\MonoRepo.Shared.Hosting\MonoRepo.Shared.Hosting.csproj", "{973C4709-B501-4DB6-A461-67F06B962859}"
EndProject
Global
	GlobalSection(SolutionConfigurationPlatforms) = preSolution
		Debug|Any CPU = Debug|Any CPU
		Release|Any CPU = Release|Any CPU
	EndGlobalSection
	GlobalSection(SolutionProperties) = preSolution
		HideSolutionNode = FALSE
	EndGlobalSection
	GlobalSection(ProjectConfigurationPlatforms) = postSolution
		{BE602F65-0D3B-4181-9846-2B32521A1E41}.Debug|Any CPU.ActiveCfg = Debug|Any CPU
		{BE602F65-0D3B-4181-9846-2B32521A1E41}.Debug|Any CPU.Build.0 = Debug|Any CPU
		{BE602F65-0D3B-4181-9846-2B32521A1E41}.Release|Any CPU.ActiveCfg = Release|Any CPU
		{BE602F65-0D3B-4181-9846-2B32521A1E41}.Release|Any CPU.Build.0 = Release|Any CPU
		{973C4709-B501-4DB6-A461-67F06B962859}.Debug|Any CPU.ActiveCfg = Debug|Any CPU
		{973C4709-B501-4DB6-A461-67F06B962859}.Debug|Any CPU.Build.0 = Debug|Any CPU
		{973C4709-B501-4DB6-A461-67F06B962859}.Release|Any CPU.ActiveCfg = Release|Any CPU
		{973C4709-B501-4DB6-A461-67F06B962859}.Release|Any CPU.Build.0 = Release|Any CPU
	EndGlobalSection
	GlobalSection(NestedProjects) = preSolution
		{BE602F65-0D3B-4181-9846-2B32521A1E41} = {D44AAC73-6B31-4FD9-8823-422D2E710363}
		{973C4709-B501-4DB6-A461-67F06B962859} = {D44AAC73-6B31-4FD9-8823-422D2E710363}
	EndGlobalSection
EndGlobal
