
Microsoft Visual Studio Solution File, Format Version 12.00
# Visual Studio Version 17
VisualStudioVersion = 17.0.31903.59
MinimumVisualStudioVersion = 10.0.40219.1
Project("{2150E333-8FDC-42A3-9474-1A3956D46DE8}") = "src", "src", "{19C4438D-F925-4A77-980D-BDA66FE7E4BD}"
EndProject
Project("{2150E333-8FDC-42A3-9474-1A3956D46DE8}") = "Service1", "Service1", "{46C8B59D-EEE0-46D5-80D8-E63F1C81A12A}"
EndProject
Project("{2150E333-8FDC-42A3-9474-1A3956D46DE8}") = "src", "src", "{1E8EEF53-D121-4D52-BA19-38B67C559E30}"
EndProject
Project("{FAE04EC0-301F-11D3-BF4B-00C04F79EFBC}") = "MonoRepo.Service1.Abstraction", "src\Service1\src\MonoRepo.Service1.Abstraction\MonoRepo.Service1.Abstraction.csproj", "{A10946D5-28B2-4F20-9632-71615E91EA60}"
EndProject
Project("{FAE04EC0-301F-11D3-BF4B-00C04F79EFBC}") = "MonoRepo.Service1.Host", "src\Service1\src\MonoRepo.Service1.Host\MonoRepo.Service1.Host.csproj", "{89A90FE1-9A52-41E4-8ECD-C062344B271A}"
EndProject
Project("{2150E333-8FDC-42A3-9474-1A3956D46DE8}") = "Service2", "Service2", "{23F17523-4FC2-4A0E-8109-CF5E37C28E20}"
EndProject
Project("{2150E333-8FDC-42A3-9474-1A3956D46DE8}") = "src", "src", "{A8EC5856-FD49-4338-9E93-69AC939017AD}"
EndProject
Project("{FAE04EC0-301F-11D3-BF4B-00C04F79EFBC}") = "MonoRepo.Service2.Abstraction", "src\Service2\src\MonoRepo.Service2.Abstraction\MonoRepo.Service2.Abstraction.csproj", "{A75AA689-19DA-49B6-9CDF-C0D0ECFA4321}"
EndProject
Project("{FAE04EC0-301F-11D3-BF4B-00C04F79EFBC}") = "MonoRepo.Service2.DataAccess", "src\Service2\src\MonoRepo.Service2.DataAccess\MonoRepo.Service2.DataAccess.csproj", "{4BD681C1-F00A-4319-9BA6-48A1DAB6AE71}"
EndProject
Project("{FAE04EC0-301F-11D3-BF4B-00C04F79EFBC}") = "MonoRepo.Service2.Hosting", "src\Service2\src\MonoRepo.Service2.Hosting\MonoRepo.Service2.Hosting.csproj", "{2E2EB291-2F66-4B0A-8CFE-262C2413B0CD}"
EndProject
Project("{2150E333-8FDC-42A3-9474-1A3956D46DE8}") = "Shared", "Shared", "{79F84650-CC55-4660-A8D1-8EBF9FC3C999}"
EndProject
Project("{2150E333-8FDC-42A3-9474-1A3956D46DE8}") = "src", "src", "{C0B810DA-B73F-468E-B83B-6309ECC06F50}"
EndProject
Project("{FAE04EC0-301F-11D3-BF4B-00C04F79EFBC}") = "MonoRepo.Shared.AzureExtensions", "src\Shared\src\MonoRepo.Shared.AzureExtensions\MonoRepo.Shared.AzureExtensions.csproj", "{170DFC72-7372-435C-8F8E-C3CA521EEABD}"
EndProject
Project("{FAE04EC0-301F-11D3-BF4B-00C04F79EFBC}") = "MonoRepo.Shared.Hosting", "src\Shared\src\MonoRepo.Shared.Hosting\MonoRepo.Shared.Hosting.csproj", "{F158579B-AECE-4C07-AE4A-880AC013ECBE}"
EndProject
Global
	GlobalSection(SolutionConfigurationPlatforms) = preSolution
		Debug|Any CPU = Debug|Any CPU
		Release|Any CPU = Release|Any CPU
	EndGlobalSection
	GlobalSection(SolutionProperties) = preSolution
		HideSolutionNode = FALSE
	EndGlobalSection
	GlobalSection(ProjectConfigurationPlatforms) = postSolution
		{A10946D5-28B2-4F20-9632-71615E91EA60}.Debug|Any CPU.ActiveCfg = Debug|Any CPU
		{A10946D5-28B2-4F20-9632-71615E91EA60}.Debug|Any CPU.Build.0 = Debug|Any CPU
		{A10946D5-28B2-4F20-9632-71615E91EA60}.Release|Any CPU.ActiveCfg = Release|Any CPU
		{A10946D5-28B2-4F20-9632-71615E91EA60}.Release|Any CPU.Build.0 = Release|Any CPU
		{89A90FE1-9A52-41E4-8ECD-C062344B271A}.Debug|Any CPU.ActiveCfg = Debug|Any CPU
		{89A90FE1-9A52-41E4-8ECD-C062344B271A}.Debug|Any CPU.Build.0 = Debug|Any CPU
		{89A90FE1-9A52-41E4-8ECD-C062344B271A}.Release|Any CPU.ActiveCfg = Release|Any CPU
		{89A90FE1-9A52-41E4-8ECD-C062344B271A}.Release|Any CPU.Build.0 = Release|Any CPU
		{A75AA689-19DA-49B6-9CDF-C0D0ECFA4321}.Debug|Any CPU.ActiveCfg = Debug|Any CPU
		{A75AA689-19DA-49B6-9CDF-C0D0ECFA4321}.Debug|Any CPU.Build.0 = Debug|Any CPU
		{A75AA689-19DA-49B6-9CDF-C0D0ECFA4321}.Release|Any CPU.ActiveCfg = Release|Any CPU
		{A75AA689-19DA-49B6-9CDF-C0D0ECFA4321}.Release|Any CPU.Build.0 = Release|Any CPU
		{4BD681C1-F00A-4319-9BA6-48A1DAB6AE71}.Debug|Any CPU.ActiveCfg = Debug|Any CPU
		{4BD681C1-F00A-4319-9BA6-48A1DAB6AE71}.Debug|Any CPU.Build.0 = Debug|Any CPU
		{4BD681C1-F00A-4319-9BA6-48A1DAB6AE71}.Release|Any CPU.ActiveCfg = Release|Any CPU
		{4BD681C1-F00A-4319-9BA6-48A1DAB6AE71}.Release|Any CPU.Build.0 = Release|Any CPU
		{2E2EB291-2F66-4B0A-8CFE-262C2413B0CD}.Debug|Any CPU.ActiveCfg = Debug|Any CPU
		{2E2EB291-2F66-4B0A-8CFE-262C2413B0CD}.Debug|Any CPU.Build.0 = Debug|Any CPU
		{2E2EB291-2F66-4B0A-8CFE-262C2413B0CD}.Release|Any CPU.ActiveCfg = Release|Any CPU
		{2E2EB291-2F66-4B0A-8CFE-262C2413B0CD}.Release|Any CPU.Build.0 = Release|Any CPU
		{170DFC72-7372-435C-8F8E-C3CA521EEABD}.Debug|Any CPU.ActiveCfg = Debug|Any CPU
		{170DFC72-7372-435C-8F8E-C3CA521EEABD}.Debug|Any CPU.Build.0 = Debug|Any CPU
		{170DFC72-7372-435C-8F8E-C3CA521EEABD}.Release|Any CPU.ActiveCfg = Release|Any CPU
		{170DFC72-7372-435C-8F8E-C3CA521EEABD}.Release|Any CPU.Build.0 = Release|Any CPU
		{F158579B-AECE-4C07-AE4A-880AC013ECBE}.Debug|Any CPU.ActiveCfg = Debug|Any CPU
		{F158579B-AECE-4C07-AE4A-880AC013ECBE}.Debug|Any CPU.Build.0 = Debug|Any CPU
		{F158579B-AECE-4C07-AE4A-880AC013ECBE}.Release|Any CPU.ActiveCfg = Release|Any CPU
		{F158579B-AECE-4C07-AE4A-880AC013ECBE}.Release|Any CPU.Build.0 = Release|Any CPU
	EndGlobalSection
	GlobalSection(NestedProjects) = preSolution
		{46C8B59D-EEE0-46D5-80D8-E63F1C81A12A} = {19C4438D-F925-4A77-980D-BDA66FE7E4BD}
		{1E8EEF53-D121-4D52-BA19-38B67C559E30} = {46C8B59D-EEE0-46D5-80D8-E63F1C81A12A}
		{A10946D5-28B2-4F20-9632-71615E91EA60} = {1E8EEF53-D121-4D52-BA19-38B67C559E30}
		{89A90FE1-9A52-41E4-8ECD-C062344B271A} = {1E8EEF53-D121-4D52-BA19-38B67C559E30}
		{23F17523-4FC2-4A0E-8109-CF5E37C28E20} = {19C4438D-F925-4A77-980D-BDA66FE7E4BD}
		{A8EC5856-FD49-4338-9E93-69AC939017AD} = {23F17523-4FC2-4A0E-8109-CF5E37C28E20}
		{A75AA689-19DA-49B6-9CDF-C0D0ECFA4321} = {A8EC5856-FD49-4338-9E93-69AC939017AD}
		{4BD681C1-F00A-4319-9BA6-48A1DAB6AE71} = {A8EC5856-FD49-4338-9E93-69AC939017AD}
		{2E2EB291-2F66-4B0A-8CFE-262C2413B0CD} = {A8EC5856-FD49-4338-9E93-69AC939017AD}
		{79F84650-CC55-4660-A8D1-8EBF9FC3C999} = {19C4438D-F925-4A77-980D-BDA66FE7E4BD}
		{C0B810DA-B73F-468E-B83B-6309ECC06F50} = {79F84650-CC55-4660-A8D1-8EBF9FC3C999}
		{170DFC72-7372-435C-8F8E-C3CA521EEABD} = {C0B810DA-B73F-468E-B83B-6309ECC06F50}
		{F158579B-AECE-4C07-AE4A-880AC013ECBE} = {C0B810DA-B73F-468E-B83B-6309ECC06F50}
	EndGlobalSection
EndGlobal
