
Microsoft Visual Studio Solution File, Format Version 12.00
# Visual Studio Version 17
VisualStudioVersion = 17.5.002.0
MinimumVisualStudioVersion = 10.0.40219.1
Project("{9A19103F-16F7-4668-BE54-9A1E7A4F7556}") = "Confix.Library", "Confix.Library.csproj", "{27D17A5F-F1B2-446B-A878-800D16FE008F}"
EndProject
Global
	GlobalSection(SolutionConfigurationPlatforms) = preSolution
		Debug|Any CPU = Debug|Any CPU
		Release|Any CPU = Release|Any CPU
	EndGlobalSection
	GlobalSection(ProjectConfigurationPlatforms) = postSolution
		{27D17A5F-F1B2-446B-A878-800D16FE008F}.Debug|Any CPU.ActiveCfg = Debug|Any CPU
		{27D17A5F-F1B2-446B-A878-800D16FE008F}.Debug|Any CPU.Build.0 = Debug|Any CPU
		{27D17A5F-F1B2-446B-A878-800D16FE008F}.Release|Any CPU.ActiveCfg = Release|Any CPU
		{27D17A5F-F1B2-446B-A878-800D16FE008F}.Release|Any CPU.Build.0 = Release|Any CPU
	EndGlobalSection
	GlobalSection(SolutionProperties) = preSolution
		HideSolutionNode = FALSE
	EndGlobalSection
	GlobalSection(ExtensibilityGlobals) = postSolution
		SolutionGuid = {A65671C3-6CB1-4BFF-B770-4483338DC1F6}
	EndGlobalSection
EndGlobal
